
Microsoft Visual Studio Solution File, Format Version 12.00
# Visual Studio Version 16
VisualStudioVersion = 16.0.31129.286
MinimumVisualStudioVersion = 10.0.40219.1
Project("{9A19103F-16F7-4668-BE54-9A1E7A4F7556}") = "WinInterface", "WinInterface\WinInterface.csproj", "{4A6DE778-141C-4C12-BA24-FCD7884D2D8C}"
EndProject
Project("{9A19103F-16F7-4668-BE54-9A1E7A4F7556}") = "WinFormsLibrary1", "WinFormsLibrary1\WinFormsLibrary1.csproj", "{E67B3462-ED94-41B0-9634-DA7759BE17E1}"
EndProject
Project("{FAE04EC0-301F-11D3-BF4B-00C04F79EFBC}") = "TestTicTacToe", "TestTicTacToe\TestTicTacToe.csproj", "{A9AF9A0D-3A1E-4FC0-873E-7D8963320E54}"
EndProject
Global
	GlobalSection(SolutionConfigurationPlatforms) = preSolution
		Debug|Any CPU = Debug|Any CPU
		Release|Any CPU = Release|Any CPU
	EndGlobalSection
	GlobalSection(ProjectConfigurationPlatforms) = postSolution
		{4A6DE778-141C-4C12-BA24-FCD7884D2D8C}.Debug|Any CPU.ActiveCfg = Debug|Any CPU
		{4A6DE778-141C-4C12-BA24-FCD7884D2D8C}.Debug|Any CPU.Build.0 = Debug|Any CPU
		{4A6DE778-141C-4C12-BA24-FCD7884D2D8C}.Release|Any CPU.ActiveCfg = Release|Any CPU
		{4A6DE778-141C-4C12-BA24-FCD7884D2D8C}.Release|Any CPU.Build.0 = Release|Any CPU
		{E67B3462-ED94-41B0-9634-DA7759BE17E1}.Debug|Any CPU.ActiveCfg = Debug|Any CPU
		{E67B3462-ED94-41B0-9634-DA7759BE17E1}.Debug|Any CPU.Build.0 = Debug|Any CPU
		{E67B3462-ED94-41B0-9634-DA7759BE17E1}.Release|Any CPU.ActiveCfg = Release|Any CPU
		{E67B3462-ED94-41B0-9634-DA7759BE17E1}.Release|Any CPU.Build.0 = Release|Any CPU
		{A9AF9A0D-3A1E-4FC0-873E-7D8963320E54}.Debug|Any CPU.ActiveCfg = Debug|Any CPU
		{A9AF9A0D-3A1E-4FC0-873E-7D8963320E54}.Debug|Any CPU.Build.0 = Debug|Any CPU
		{A9AF9A0D-3A1E-4FC0-873E-7D8963320E54}.Release|Any CPU.ActiveCfg = Release|Any CPU
		{A9AF9A0D-3A1E-4FC0-873E-7D8963320E54}.Release|Any CPU.Build.0 = Release|Any CPU
	EndGlobalSection
	GlobalSection(SolutionProperties) = preSolution
		HideSolutionNode = FALSE
	EndGlobalSection
	GlobalSection(ExtensibilityGlobals) = postSolution
		SolutionGuid = {BB6881AD-6ACC-4997-A49F-523E087C9146}
	EndGlobalSection
EndGlobal
